
Microsoft Visual Studio Solution File, Format Version 12.00
# Visual Studio Version 16
VisualStudioVersion = 16.0.30114.105
MinimumVisualStudioVersion = 10.0.40219.1
Project("{FAE04EC0-301F-11D3-BF4B-00C04F79EFBC}") = "AuthingNetCoreExample", "AuthingNetCoreExample.csproj", "{01B911EA-184D-4D6F-AA77-8A8E101EE413}"
EndProject
Global
	GlobalSection(SolutionConfigurationPlatforms) = preSolution
		Debug|Any CPU = Debug|Any CPU
		Release|Any CPU = Release|Any CPU
	EndGlobalSection
	GlobalSection(ProjectConfigurationPlatforms) = postSolution
		{01B911EA-184D-4D6F-AA77-8A8E101EE413}.Debug|Any CPU.ActiveCfg = Debug|Any CPU
		{01B911EA-184D-4D6F-AA77-8A8E101EE413}.Debug|Any CPU.Build.0 = Debug|Any CPU
		{01B911EA-184D-4D6F-AA77-8A8E101EE413}.Release|Any CPU.ActiveCfg = Release|Any CPU
		{01B911EA-184D-4D6F-AA77-8A8E101EE413}.Release|Any CPU.Build.0 = Release|Any CPU
	EndGlobalSection
	GlobalSection(SolutionProperties) = preSolution
		HideSolutionNode = FALSE
	EndGlobalSection
	GlobalSection(ExtensibilityGlobals) = postSolution
		SolutionGuid = {64C0EC4B-699C-4B83-9B15-92DEB29AC834}
	EndGlobalSection
EndGlobal
